
Microsoft Visual Studio Solution File, Format Version 12.00
# Visual Studio Version 16
VisualStudioVersion = 16.0.30128.74
MinimumVisualStudioVersion = 10.0.40219.1
Project("{FAE04EC0-301F-11D3-BF4B-00C04F79EFBC}") = "ImageGalery.UWP", "ImageGalery\ImageGalery.UWP\ImageGalery.UWP.csproj", "{270D5657-4C6F-4288-BDE6-1B6E4F8C45B6}"
EndProject
Project("{FAE04EC0-301F-11D3-BF4B-00C04F79EFBC}") = "ImageGalery.Android", "ImageGalery\ImageGalery.Android\ImageGalery.Android.csproj", "{511E173D-0370-4A0D-A3C7-CC19AADB19D0}"
EndProject
Project("{FAE04EC0-301F-11D3-BF4B-00C04F79EFBC}") = "ImageGalery.iOS", "ImageGalery\ImageGalery.iOS\ImageGalery.iOS.csproj", "{145C1B9C-CCAA-4A85-A31A-D99E5FEB3BB8}"
EndProject
Project("{FAE04EC0-301F-11D3-BF4B-00C04F79EFBC}") = "ImageGalery", "ImageGalery\ImageGalery\ImageGalery.csproj", "{006F29A4-0BA7-4DCF-94E7-611B09AAAC77}"
EndProject
Project("{FAE04EC0-301F-11D3-BF4B-00C04F79EFBC}") = "ImageGalery.WPF", "ImageGalery\ImageGalery.WPF\ImageGalery.WPF.csproj", "{99BCB1E0-B1DC-4A46-AEBA-D4AE5E6D8772}"
EndProject
Global
	GlobalSection(SolutionConfigurationPlatforms) = preSolution
		Debug|Any CPU = Debug|Any CPU
		Debug|ARM = Debug|ARM
		Debug|iPhone = Debug|iPhone
		Debug|iPhoneSimulator = Debug|iPhoneSimulator
		Debug|x64 = Debug|x64
		Debug|x86 = Debug|x86
		Release|Any CPU = Release|Any CPU
		Release|ARM = Release|ARM
		Release|iPhone = Release|iPhone
		Release|iPhoneSimulator = Release|iPhoneSimulator
		Release|x64 = Release|x64
		Release|x86 = Release|x86
	EndGlobalSection
	GlobalSection(ProjectConfigurationPlatforms) = postSolution
		{270D5657-4C6F-4288-BDE6-1B6E4F8C45B6}.Debug|Any CPU.ActiveCfg = Debug|x86
		{270D5657-4C6F-4288-BDE6-1B6E4F8C45B6}.Debug|Any CPU.Build.0 = Debug|x86
		{270D5657-4C6F-4288-BDE6-1B6E4F8C45B6}.Debug|Any CPU.Deploy.0 = Debug|x86
		{270D5657-4C6F-4288-BDE6-1B6E4F8C45B6}.Debug|ARM.ActiveCfg = Debug|ARM
		{270D5657-4C6F-4288-BDE6-1B6E4F8C45B6}.Debug|ARM.Build.0 = Debug|ARM
		{270D5657-4C6F-4288-BDE6-1B6E4F8C45B6}.Debug|ARM.Deploy.0 = Debug|ARM
		{270D5657-4C6F-4288-BDE6-1B6E4F8C45B6}.Debug|iPhone.ActiveCfg = Debug|x86
		{270D5657-4C6F-4288-BDE6-1B6E4F8C45B6}.Debug|iPhone.Build.0 = Debug|x86
		{270D5657-4C6F-4288-BDE6-1B6E4F8C45B6}.Debug|iPhone.Deploy.0 = Debug|x86
		{270D5657-4C6F-4288-BDE6-1B6E4F8C45B6}.Debug|iPhoneSimulator.ActiveCfg = Debug|x86
		{270D5657-4C6F-4288-BDE6-1B6E4F8C45B6}.Debug|iPhoneSimulator.Build.0 = Debug|x86
		{270D5657-4C6F-4288-BDE6-1B6E4F8C45B6}.Debug|iPhoneSimulator.Deploy.0 = Debug|x86
		{270D5657-4C6F-4288-BDE6-1B6E4F8C45B6}.Debug|x64.ActiveCfg = Debug|x64
		{270D5657-4C6F-4288-BDE6-1B6E4F8C45B6}.Debug|x64.Build.0 = Debug|x64
		{270D5657-4C6F-4288-BDE6-1B6E4F8C45B6}.Debug|x64.Deploy.0 = Debug|x64
		{270D5657-4C6F-4288-BDE6-1B6E4F8C45B6}.Debug|x86.ActiveCfg = Debug|x86
		{270D5657-4C6F-4288-BDE6-1B6E4F8C45B6}.Debug|x86.Build.0 = Debug|x86
		{270D5657-4C6F-4288-BDE6-1B6E4F8C45B6}.Debug|x86.Deploy.0 = Debug|x86
		{270D5657-4C6F-4288-BDE6-1B6E4F8C45B6}.Release|Any CPU.ActiveCfg = Release|x86
		{270D5657-4C6F-4288-BDE6-1B6E4F8C45B6}.Release|Any CPU.Build.0 = Release|x86
		{270D5657-4C6F-4288-BDE6-1B6E4F8C45B6}.Release|Any CPU.Deploy.0 = Release|x86
		{270D5657-4C6F-4288-BDE6-1B6E4F8C45B6}.Release|ARM.ActiveCfg = Release|ARM
		{270D5657-4C6F-4288-BDE6-1B6E4F8C45B6}.Release|ARM.Build.0 = Release|ARM
		{270D5657-4C6F-4288-BDE6-1B6E4F8C45B6}.Release|ARM.Deploy.0 = Release|ARM
		{270D5657-4C6F-4288-BDE6-1B6E4F8C45B6}.Release|iPhone.ActiveCfg = Release|x86
		{270D5657-4C6F-4288-BDE6-1B6E4F8C45B6}.Release|iPhone.Build.0 = Release|x86
		{270D5657-4C6F-4288-BDE6-1B6E4F8C45B6}.Release|iPhone.Deploy.0 = Release|x86
		{270D5657-4C6F-4288-BDE6-1B6E4F8C45B6}.Release|iPhoneSimulator.ActiveCfg = Release|x86
		{270D5657-4C6F-4288-BDE6-1B6E4F8C45B6}.Release|iPhoneSimulator.Build.0 = Release|x86
		{270D5657-4C6F-4288-BDE6-1B6E4F8C45B6}.Release|iPhoneSimulator.Deploy.0 = Release|x86
		{270D5657-4C6F-4288-BDE6-1B6E4F8C45B6}.Release|x64.ActiveCfg = Release|x64
		{270D5657-4C6F-4288-BDE6-1B6E4F8C45B6}.Release|x64.Build.0 = Release|x64
		{270D5657-4C6F-4288-BDE6-1B6E4F8C45B6}.Release|x64.Deploy.0 = Release|x64
		{270D5657-4C6F-4288-BDE6-1B6E4F8C45B6}.Release|x86.ActiveCfg = Release|x86
		{270D5657-4C6F-4288-BDE6-1B6E4F8C45B6}.Release|x86.Build.0 = Release|x86
		{270D5657-4C6F-4288-BDE6-1B6E4F8C45B6}.Release|x86.Deploy.0 = Release|x86
		{511E173D-0370-4A0D-A3C7-CC19AADB19D0}.Debug|Any CPU.ActiveCfg = Debug|Any CPU
		{511E173D-0370-4A0D-A3C7-CC19AADB19D0}.Debug|Any CPU.Build.0 = Debug|Any CPU
		{511E173D-0370-4A0D-A3C7-CC19AADB19D0}.Debug|Any CPU.Deploy.0 = Debug|Any CPU
		{511E173D-0370-4A0D-A3C7-CC19AADB19D0}.Debug|ARM.ActiveCfg = Debug|Any CPU
		{511E173D-0370-4A0D-A3C7-CC19AADB19D0}.Debug|ARM.Build.0 = Debug|Any CPU
		{511E173D-0370-4A0D-A3C7-CC19AADB19D0}.Debug|ARM.Deploy.0 = Debug|Any CPU
		{511E173D-0370-4A0D-A3C7-CC19AADB19D0}.Debug|iPhone.ActiveCfg = Debug|Any CPU
		{511E173D-0370-4A0D-A3C7-CC19AADB19D0}.Debug|iPhone.Build.0 = Debug|Any CPU
		{511E173D-0370-4A0D-A3C7-CC19AADB19D0}.Debug|iPhone.Deploy.0 = Debug|Any CPU
		{511E173D-0370-4A0D-A3C7-CC19AADB19D0}.Debug|iPhoneSimulator.ActiveCfg = Debug|Any CPU
		{511E173D-0370-4A0D-A3C7-CC19AADB19D0}.Debug|iPhoneSimulator.Build.0 = Debug|Any CPU
		{511E173D-0370-4A0D-A3C7-CC19AADB19D0}.Debug|iPhoneSimulator.Deploy.0 = Debug|Any CPU
		{511E173D-0370-4A0D-A3C7-CC19AADB19D0}.Debug|x64.ActiveCfg = Debug|Any CPU
		{511E173D-0370-4A0D-A3C7-CC19AADB19D0}.Debug|x64.Build.0 = Debug|Any CPU
		{511E173D-0370-4A0D-A3C7-CC19AADB19D0}.Debug|x64.Deploy.0 = Debug|Any CPU
		{511E173D-0370-4A0D-A3C7-CC19AADB19D0}.Debug|x86.ActiveCfg = Debug|Any CPU
		{511E173D-0370-4A0D-A3C7-CC19AADB19D0}.Debug|x86.Build.0 = Debug|Any CPU
		{511E173D-0370-4A0D-A3C7-CC19AADB19D0}.Debug|x86.Deploy.0 = Debug|Any CPU
		{511E173D-0370-4A0D-A3C7-CC19AADB19D0}.Release|Any CPU.ActiveCfg = Release|Any CPU
		{511E173D-0370-4A0D-A3C7-CC19AADB19D0}.Release|Any CPU.Build.0 = Release|Any CPU
		{511E173D-0370-4A0D-A3C7-CC19AADB19D0}.Release|Any CPU.Deploy.0 = Release|Any CPU
		{511E173D-0370-4A0D-A3C7-CC19AADB19D0}.Release|ARM.ActiveCfg = Release|Any CPU
		{511E173D-0370-4A0D-A3C7-CC19AADB19D0}.Release|ARM.Build.0 = Release|Any CPU
		{511E173D-0370-4A0D-A3C7-CC19AADB19D0}.Release|ARM.Deploy.0 = Release|Any CPU
		{511E173D-0370-4A0D-A3C7-CC19AADB19D0}.Release|iPhone.ActiveCfg = Release|Any CPU
		{511E173D-0370-4A0D-A3C7-CC19AADB19D0}.Release|iPhone.Build.0 = Release|Any CPU
		{511E173D-0370-4A0D-A3C7-CC19AADB19D0}.Release|iPhone.Deploy.0 = Release|Any CPU
		{511E173D-0370-4A0D-A3C7-CC19AADB19D0}.Release|iPhoneSimulator.ActiveCfg = Release|Any CPU
		{511E173D-0370-4A0D-A3C7-CC19AADB19D0}.Release|iPhoneSimulator.Build.0 = Release|Any CPU
		{511E173D-0370-4A0D-A3C7-CC19AADB19D0}.Release|iPhoneSimulator.Deploy.0 = Release|Any CPU
		{511E173D-0370-4A0D-A3C7-CC19AADB19D0}.Release|x64.ActiveCfg = Release|Any CPU
		{511E173D-0370-4A0D-A3C7-CC19AADB19D0}.Release|x64.Build.0 = Release|Any CPU
		{511E173D-0370-4A0D-A3C7-CC19AADB19D0}.Release|x64.Deploy.0 = Release|Any CPU
		{511E173D-0370-4A0D-A3C7-CC19AADB19D0}.Release|x86.ActiveCfg = Release|Any CPU
		{511E173D-0370-4A0D-A3C7-CC19AADB19D0}.Release|x86.Build.0 = Release|Any CPU
		{511E173D-0370-4A0D-A3C7-CC19AADB19D0}.Release|x86.Deploy.0 = Release|Any CPU
		{145C1B9C-CCAA-4A85-A31A-D99E5FEB3BB8}.Debug|Any CPU.ActiveCfg = Debug|iPhone
		{145C1B9C-CCAA-4A85-A31A-D99E5FEB3BB8}.Debug|Any CPU.Build.0 = Debug|iPhone
		{145C1B9C-CCAA-4A85-A31A-D99E5FEB3BB8}.Debug|Any CPU.Deploy.0 = Debug|iPhone
		{145C1B9C-CCAA-4A85-A31A-D99E5FEB3BB8}.Debug|ARM.ActiveCfg = Debug|iPhone
		{145C1B9C-CCAA-4A85-A31A-D99E5FEB3BB8}.Debug|ARM.Build.0 = Debug|iPhone
		{145C1B9C-CCAA-4A85-A31A-D99E5FEB3BB8}.Debug|ARM.Deploy.0 = Debug|iPhone
		{145C1B9C-CCAA-4A85-A31A-D99E5FEB3BB8}.Debug|iPhone.ActiveCfg = Debug|iPhone
		{145C1B9C-CCAA-4A85-A31A-D99E5FEB3BB8}.Debug|iPhone.Build.0 = Debug|iPhone
		{145C1B9C-CCAA-4A85-A31A-D99E5FEB3BB8}.Debug|iPhone.Deploy.0 = Debug|iPhone
		{145C1B9C-CCAA-4A85-A31A-D99E5FEB3BB8}.Debug|iPhoneSimulator.ActiveCfg = Debug|iPhoneSimulator
		{145C1B9C-CCAA-4A85-A31A-D99E5FEB3BB8}.Debug|iPhoneSimulator.Build.0 = Debug|iPhoneSimulator
		{145C1B9C-CCAA-4A85-A31A-D99E5FEB3BB8}.Debug|iPhoneSimulator.Deploy.0 = Debug|iPhoneSimulator
		{145C1B9C-CCAA-4A85-A31A-D99E5FEB3BB8}.Debug|x64.ActiveCfg = Debug|iPhone
		{145C1B9C-CCAA-4A85-A31A-D99E5FEB3BB8}.Debug|x64.Build.0 = Debug|iPhone
		{145C1B9C-CCAA-4A85-A31A-D99E5FEB3BB8}.Debug|x64.Deploy.0 = Debug|iPhone
		{145C1B9C-CCAA-4A85-A31A-D99E5FEB3BB8}.Debug|x86.ActiveCfg = Debug|iPhone
		{145C1B9C-CCAA-4A85-A31A-D99E5FEB3BB8}.Debug|x86.Build.0 = Debug|iPhone
		{145C1B9C-CCAA-4A85-A31A-D99E5FEB3BB8}.Debug|x86.Deploy.0 = Debug|iPhone
		{145C1B9C-CCAA-4A85-A31A-D99E5FEB3BB8}.Release|Any CPU.ActiveCfg = Release|iPhone
		{145C1B9C-CCAA-4A85-A31A-D99E5FEB3BB8}.Release|Any CPU.Build.0 = Release|iPhone
		{145C1B9C-CCAA-4A85-A31A-D99E5FEB3BB8}.Release|Any CPU.Deploy.0 = Release|iPhone
		{145C1B9C-CCAA-4A85-A31A-D99E5FEB3BB8}.Release|ARM.ActiveCfg = Release|iPhone
		{145C1B9C-CCAA-4A85-A31A-D99E5FEB3BB8}.Release|ARM.Build.0 = Release|iPhone
		{145C1B9C-CCAA-4A85-A31A-D99E5FEB3BB8}.Release|ARM.Deploy.0 = Release|iPhone
		{145C1B9C-CCAA-4A85-A31A-D99E5FEB3BB8}.Release|iPhone.ActiveCfg = Release|iPhone
		{145C1B9C-CCAA-4A85-A31A-D99E5FEB3BB8}.Release|iPhone.Build.0 = Release|iPhone
		{145C1B9C-CCAA-4A85-A31A-D99E5FEB3BB8}.Release|iPhone.Deploy.0 = Release|iPhone
		{145C1B9C-CCAA-4A85-A31A-D99E5FEB3BB8}.Release|iPhoneSimulator.ActiveCfg = Release|iPhoneSimulator
		{145C1B9C-CCAA-4A85-A31A-D99E5FEB3BB8}.Release|iPhoneSimulator.Build.0 = Release|iPhoneSimulator
		{145C1B9C-CCAA-4A85-A31A-D99E5FEB3BB8}.Release|iPhoneSimulator.Deploy.0 = Release|iPhoneSimulator
		{145C1B9C-CCAA-4A85-A31A-D99E5FEB3BB8}.Release|x64.ActiveCfg = Release|iPhone
		{145C1B9C-CCAA-4A85-A31A-D99E5FEB3BB8}.Release|x64.Build.0 = Release|iPhone
		{145C1B9C-CCAA-4A85-A31A-D99E5FEB3BB8}.Release|x64.Deploy.0 = Release|iPhone
		{145C1B9C-CCAA-4A85-A31A-D99E5FEB3BB8}.Release|x86.ActiveCfg = Release|iPhone
		{145C1B9C-CCAA-4A85-A31A-D99E5FEB3BB8}.Release|x86.Build.0 = Release|iPhone
		{145C1B9C-CCAA-4A85-A31A-D99E5FEB3BB8}.Release|x86.Deploy.0 = Release|iPhone
		{006F29A4-0BA7-4DCF-94E7-611B09AAAC77}.Debug|Any CPU.ActiveCfg = Debug|Any CPU
		{006F29A4-0BA7-4DCF-94E7-611B09AAAC77}.Debug|Any CPU.Build.0 = Debug|Any CPU
		{006F29A4-0BA7-4DCF-94E7-611B09AAAC77}.Debug|Any CPU.Deploy.0 = Debug|Any CPU
		{006F29A4-0BA7-4DCF-94E7-611B09AAAC77}.Debug|ARM.ActiveCfg = Debug|Any CPU
		{006F29A4-0BA7-4DCF-94E7-611B09AAAC77}.Debug|ARM.Build.0 = Debug|Any CPU
		{006F29A4-0BA7-4DCF-94E7-611B09AAAC77}.Debug|ARM.Deploy.0 = Debug|Any CPU
		{006F29A4-0BA7-4DCF-94E7-611B09AAAC77}.Debug|iPhone.ActiveCfg = Debug|Any CPU
		{006F29A4-0BA7-4DCF-94E7-611B09AAAC77}.Debug|iPhone.Build.0 = Debug|Any CPU
		{006F29A4-0BA7-4DCF-94E7-611B09AAAC77}.Debug|iPhone.Deploy.0 = Debug|Any CPU
		{006F29A4-0BA7-4DCF-94E7-611B09AAAC77}.Debug|iPhoneSimulator.ActiveCfg = Debug|Any CPU
		{006F29A4-0BA7-4DCF-94E7-611B09AAAC77}.Debug|iPhoneSimulator.Build.0 = Debug|Any CPU
		{006F29A4-0BA7-4DCF-94E7-611B09AAAC77}.Debug|iPhoneSimulator.Deploy.0 = Debug|Any CPU
		{006F29A4-0BA7-4DCF-94E7-611B09AAAC77}.Debug|x64.ActiveCfg = Debug|Any CPU
		{006F29A4-0BA7-4DCF-94E7-611B09AAAC77}.Debug|x64.Build.0 = Debug|Any CPU
		{006F29A4-0BA7-4DCF-94E7-611B09AAAC77}.Debug|x64.Deploy.0 = Debug|Any CPU
		{006F29A4-0BA7-4DCF-94E7-611B09AAAC77}.Debug|x86.ActiveCfg = Debug|Any CPU
		{006F29A4-0BA7-4DCF-94E7-611B09AAAC77}.Debug|x86.Build.0 = Debug|Any CPU
		{006F29A4-0BA7-4DCF-94E7-611B09AAAC77}.Debug|x86.Deploy.0 = Debug|Any CPU
		{006F29A4-0BA7-4DCF-94E7-611B09AAAC77}.Release|Any CPU.ActiveCfg = Release|Any CPU
		{006F29A4-0BA7-4DCF-94E7-611B09AAAC77}.Release|Any CPU.Build.0 = Release|Any CPU
		{006F29A4-0BA7-4DCF-94E7-611B09AAAC77}.Release|Any CPU.Deploy.0 = Release|Any CPU
		{006F29A4-0BA7-4DCF-94E7-611B09AAAC77}.Release|ARM.ActiveCfg = Release|Any CPU
		{006F29A4-0BA7-4DCF-94E7-611B09AAAC77}.Release|ARM.Build.0 = Release|Any CPU
		{006F29A4-0BA7-4DCF-94E7-611B09AAAC77}.Release|ARM.Deploy.0 = Release|Any CPU
		{006F29A4-0BA7-4DCF-94E7-611B09AAAC77}.Release|iPhone.ActiveCfg = Release|Any CPU
		{006F29A4-0BA7-4DCF-94E7-611B09AAAC77}.Release|iPhone.Build.0 = Release|Any CPU
		{006F29A4-0BA7-4DCF-94E7-611B09AAAC77}.Release|iPhone.Deploy.0 = Release|Any CPU
		{006F29A4-0BA7-4DCF-94E7-611B09AAAC77}.Release|iPhoneSimulator.ActiveCfg = Release|Any CPU
		{006F29A4-0BA7-4DCF-94E7-611B09AAAC77}.Release|iPhoneSimulator.Build.0 = Release|Any CPU
		{006F29A4-0BA7-4DCF-94E7-611B09AAAC77}.Release|iPhoneSimulator.Deploy.0 = Release|Any CPU
		{006F29A4-0BA7-4DCF-94E7-611B09AAAC77}.Release|x64.ActiveCfg = Release|Any CPU
		{006F29A4-0BA7-4DCF-94E7-611B09AAAC77}.Release|x64.Build.0 = Release|Any CPU
		{006F29A4-0BA7-4DCF-94E7-611B09AAAC77}.Release|x64.Deploy.0 = Release|Any CPU
		{006F29A4-0BA7-4DCF-94E7-611B09AAAC77}.Release|x86.ActiveCfg = Release|Any CPU
		{006F29A4-0BA7-4DCF-94E7-611B09AAAC77}.Release|x86.Build.0 = Release|Any CPU
		{006F29A4-0BA7-4DCF-94E7-611B09AAAC77}.Release|x86.Deploy.0 = Release|Any CPU
		{99BCB1E0-B1DC-4A46-AEBA-D4AE5E6D8772}.Debug|Any CPU.ActiveCfg = Debug|Any CPU
		{99BCB1E0-B1DC-4A46-AEBA-D4AE5E6D8772}.Debug|Any CPU.Build.0 = Debug|Any CPU
		{99BCB1E0-B1DC-4A46-AEBA-D4AE5E6D8772}.Debug|ARM.ActiveCfg = Debug|Any CPU
		{99BCB1E0-B1DC-4A46-AEBA-D4AE5E6D8772}.Debug|ARM.Build.0 = Debug|Any CPU
		{99BCB1E0-B1DC-4A46-AEBA-D4AE5E6D8772}.Debug|iPhone.ActiveCfg = Debug|Any CPU
		{99BCB1E0-B1DC-4A46-AEBA-D4AE5E6D8772}.Debug|iPhone.Build.0 = Debug|Any CPU
		{99BCB1E0-B1DC-4A46-AEBA-D4AE5E6D8772}.Debug|iPhoneSimulator.ActiveCfg = Debug|Any CPU
		{99BCB1E0-B1DC-4A46-AEBA-D4AE5E6D8772}.Debug|iPhoneSimulator.Build.0 = Debug|Any CPU
		{99BCB1E0-B1DC-4A46-AEBA-D4AE5E6D8772}.Debug|x64.ActiveCfg = Debug|Any CPU
		{99BCB1E0-B1DC-4A46-AEBA-D4AE5E6D8772}.Debug|x64.Build.0 = Debug|Any CPU
		{99BCB1E0-B1DC-4A46-AEBA-D4AE5E6D8772}.Debug|x86.ActiveCfg = Debug|Any CPU
		{99BCB1E0-B1DC-4A46-AEBA-D4AE5E6D8772}.Debug|x86.Build.0 = Debug|Any CPU
		{99BCB1E0-B1DC-4A46-AEBA-D4AE5E6D8772}.Release|Any CPU.ActiveCfg = Release|Any CPU
		{99BCB1E0-B1DC-4A46-AEBA-D4AE5E6D8772}.Release|Any CPU.Build.0 = Release|Any CPU
		{99BCB1E0-B1DC-4A46-AEBA-D4AE5E6D8772}.Release|ARM.ActiveCfg = Release|Any CPU
		{99BCB1E0-B1DC-4A46-AEBA-D4AE5E6D8772}.Release|ARM.Build.0 = Release|Any CPU
		{99BCB1E0-B1DC-4A46-AEBA-D4AE5E6D8772}.Release|iPhone.ActiveCfg = Release|Any CPU
		{99BCB1E0-B1DC-4A46-AEBA-D4AE5E6D8772}.Release|iPhone.Build.0 = Release|Any CPU
		{99BCB1E0-B1DC-4A46-AEBA-D4AE5E6D8772}.Release|iPhoneSimulator.ActiveCfg = Release|Any CPU
		{99BCB1E0-B1DC-4A46-AEBA-D4AE5E6D8772}.Release|iPhoneSimulator.Build.0 = Release|Any CPU
		{99BCB1E0-B1DC-4A46-AEBA-D4AE5E6D8772}.Release|x64.ActiveCfg = Release|Any CPU
		{99BCB1E0-B1DC-4A46-AEBA-D4AE5E6D8772}.Release|x64.Build.0 = Release|Any CPU
		{99BCB1E0-B1DC-4A46-AEBA-D4AE5E6D8772}.Release|x86.ActiveCfg = Release|Any CPU
		{99BCB1E0-B1DC-4A46-AEBA-D4AE5E6D8772}.Release|x86.Build.0 = Release|Any CPU
	EndGlobalSection
	GlobalSection(SolutionProperties) = preSolution
		HideSolutionNode = FALSE
	EndGlobalSection
	GlobalSection(ExtensibilityGlobals) = postSolution
		SolutionGuid = {C3A903DE-7F26-4AA4-BEE0-0876FBFEDB0C}
	EndGlobalSection
EndGlobal
